
Microsoft Visual Studio Solution File, Format Version 12.00
# Visual Studio Version 16
VisualStudioVersion = 16.0.31624.102
MinimumVisualStudioVersion = 10.0.40219.1
Project("{9A19103F-16F7-4668-BE54-9A1E7A4F7556}") = "Paper", "src\Paper\Paper.csproj", "{62B6BAD6-571F-438D-9E33-0ECFEB342CEE}"
EndProject
Project("{9A19103F-16F7-4668-BE54-9A1E7A4F7556}") = "Paper.Tests", "tests\Paper.Tests\Paper.Tests.csproj", "{8E04F3A4-F220-406B-9994-7413F53FEB94}"
EndProject
Project("{9A19103F-16F7-4668-BE54-9A1E7A4F7556}") = "LastEpoch", "src\LastEpoch\LastEpoch.csproj", "{01A0F5E9-6698-4B5C-9D5E-59825BA20147}"
EndProject
Global
	GlobalSection(SolutionConfigurationPlatforms) = preSolution
		Debug|Any CPU = Debug|Any CPU
		Release|Any CPU = Release|Any CPU
	EndGlobalSection
	GlobalSection(ProjectConfigurationPlatforms) = postSolution
		{62B6BAD6-571F-438D-9E33-0ECFEB342CEE}.Debug|Any CPU.ActiveCfg = Debug|Any CPU
		{62B6BAD6-571F-438D-9E33-0ECFEB342CEE}.Debug|Any CPU.Build.0 = Debug|Any CPU
		{62B6BAD6-571F-438D-9E33-0ECFEB342CEE}.Release|Any CPU.ActiveCfg = Release|Any CPU
		{62B6BAD6-571F-438D-9E33-0ECFEB342CEE}.Release|Any CPU.Build.0 = Release|Any CPU
		{8E04F3A4-F220-406B-9994-7413F53FEB94}.Debug|Any CPU.ActiveCfg = Debug|Any CPU
		{8E04F3A4-F220-406B-9994-7413F53FEB94}.Debug|Any CPU.Build.0 = Debug|Any CPU
		{8E04F3A4-F220-406B-9994-7413F53FEB94}.Release|Any CPU.ActiveCfg = Release|Any CPU
		{8E04F3A4-F220-406B-9994-7413F53FEB94}.Release|Any CPU.Build.0 = Release|Any CPU
		{01A0F5E9-6698-4B5C-9D5E-59825BA20147}.Debug|Any CPU.ActiveCfg = Debug|Any CPU
		{01A0F5E9-6698-4B5C-9D5E-59825BA20147}.Debug|Any CPU.Build.0 = Debug|Any CPU
		{01A0F5E9-6698-4B5C-9D5E-59825BA20147}.Release|Any CPU.ActiveCfg = Release|Any CPU
		{01A0F5E9-6698-4B5C-9D5E-59825BA20147}.Release|Any CPU.Build.0 = Release|Any CPU
	EndGlobalSection
	GlobalSection(SolutionProperties) = preSolution
		HideSolutionNode = FALSE
	EndGlobalSection
	GlobalSection(ExtensibilityGlobals) = postSolution
		SolutionGuid = {15DB290B-0D7A-4485-9897-6DDF57A8A362}
	EndGlobalSection
EndGlobal
